Microsoft Visual Studio Solution File, Format Version 12.00
# Visual Studio Version 17
VisualStudioVersion = 17.5.2.0
MinimumVisualStudioVersion = 10.0.40219.1
Project("{FAE04EC0-301F-11D3-BF4B-00C04F79EFBC}") = "RozgarHub.Api", "RozgarHub.Api\RozgarHub.Api.csproj", "{84BC8420-3A7C-5F0A-41CB-6161D834EC8C}"
EndProject
Global
	GlobalSection(SolutionConfigurationPlatforms) = preSolution
		Debug|Any CPU = Debug|Any CPU
		Release|Any CPU = Release|Any CPU
	EndGlobalSection
	GlobalSection(ProjectConfigurationPlatforms) = postSolution
		{84BC8420-3A7C-5F0A-41CB-6161D834EC8C}.Debug|Any CPU.ActiveCfg = Debug|Any CPU
		{84BC8420-3A7C-5F0A-41CB-6161D834EC8C}.Debug|Any CPU.Build.0 = Debug|Any CPU
		{84BC8420-3A7C-5F0A-41CB-6161D834EC8C}.Release|Any CPU.ActiveCfg = Release|Any CPU
		{84BC8420-3A7C-5F0A-41CB-6161D834EC8C}.Release|Any CPU.Build.0 = Release|Any CPU
	EndGlobalSection
	GlobalSection(SolutionProperties) = preSolution
		HideSolutionNode = FALSE
	EndGlobalSection
	GlobalSection(ExtensibilityGlobals) = postSolution
		SolutionGuid = {70750109-6918-41D5-9CEC-316817C800F4}
	EndGlobalSection
EndGlobal
